// !$*UTF8*$!
{
	archiveVersion = 1;
	classes = {
	};
	objectVersion = 56;
	objects = {

/* Begin PBXBuildFile section */
		B02FE6A72AB3979600625809 /* StevenOToole_NYCSchoolsApp.swift in Sources */ = {isa = PBXBuildFile; fileRef = B02FE6A62AB3979600625809 /* StevenOToole_NYCSchoolsApp.swift */; };
		B02FE6A92AB3979600625809 /* HomeView.swift in Sources */ = {isa = PBXBuildFile; fileRef = B02FE6A82AB3979600625809 /* HomeView.swift */; };
		B02FE6AB2AB3979700625809 /* Assets.xcassets in Resources */ = {isa = PBXBuildFile; fileRef = B02FE6AA2AB3979700625809 /* Assets.xcassets */; };
		B02FE6AE2AB3979700625809 /* Preview Assets.xcassets in Resources */ = {isa = PBXBuildFile; fileRef = B02FE6AD2AB3979700625809 /* Preview Assets.xcassets */; };
		B09484AF2AB39D9C006757B5 /* Logger+Extensions.swift in Sources */ = {isa = PBXBuildFile; fileRef = B09484AE2AB39D9C006757B5 /* Logger+Extensions.swift */; };
		B09484B12AB39E9E006757B5 /* Color+Extensions.swift in Sources */ = {isa = PBXBuildFile; fileRef = B09484B02AB39E9E006757B5 /* Color+Extensions.swift */; };
		B09484B42AB39EE4006757B5 /* Settings.swift in Sources */ = {isa = PBXBuildFile; fileRef = B09484B32AB39EE4006757B5 /* Settings.swift */; };
		B09484BC2AB3A3AA006757B5 /* StevenOToole_NYCSchoolsTests.swift in Sources */ = {isa = PBXBuildFile; fileRef = B09484BB2AB3A3AA006757B5 /* StevenOToole_NYCSchoolsTests.swift */; };
		B09484C32AB3A41B006757B5 /* HighSchool.swift in Sources */ = {isa = PBXBuildFile; fileRef = B09484C22AB3A41B006757B5 /* HighSchool.swift */; };
		B09484C52AB3AED3006757B5 /* SATScore.swift in Sources */ = {isa = PBXBuildFile; fileRef = B09484C42AB3AED3006757B5 /* SATScore.swift */; };
		B09484C72AB3B075006757B5 /* URLSession+Extension.swift in Sources */ = {isa = PBXBuildFile; fileRef = B09484C62AB3B075006757B5 /* URLSession+Extension.swift */; };
		B09484C92AB3B0FC006757B5 /* NYCSchoolAPI.swift in Sources */ = {isa = PBXBuildFile; fileRef = B09484C82AB3B0FC006757B5 /* NYCSchoolAPI.swift */; };
/* End PBXBuildFile section */

/* Begin PBXContainerItemProxy section */
		B09484BD2AB3A3AA006757B5 /* PBXContainerItemProxy */ = {
			isa = PBXContainerItemProxy;
			containerPortal = B02FE69B2AB3979600625809 /* Project object */;
			proxyType = 1;
			remoteGlobalIDString = B02FE6A22AB3979600625809;
			remoteInfo = "StevenOToole-NYCSchools";
		};
/* End PBXContainerItemProxy section */

/* Begin PBXFileReference section */
		B02FE6A32AB3979600625809 /* StevenOToole-NYCSchools.app */ = {isa = PBXFileReference; explicitFileType = wrapper.application; includeInIndex = 0; path = "StevenOToole-NYCSchools.app"; sourceTree = BUILT_PRODUCTS_DIR; };
		B02FE6A62AB3979600625809 /* StevenOToole_NYCSchoolsApp.swift */ = {isa = PBXFileReference; lastKnownFileType = sourcecode.swift; path = StevenOToole_NYCSchoolsApp.swift; sourceTree = "<group>"; };
		B02FE6A82AB3979600625809 /* HomeView.swift */ = {isa = PBXFileReference; lastKnownFileType = sourcecode.swift; path = HomeView.swift; sourceTree = "<group>"; };
		B02FE6AA2AB3979700625809 /* Assets.xcassets */ = {isa = PBXFileReference; lastKnownFileType = folder.assetcatalog; path = Assets.xcassets; sourceTree = "<group>"; };
		B02FE6AD2AB3979700625809 /* Preview Assets.xcassets */ = {isa = PBXFileReference; lastKnownFileType = folder.assetcatalog; path = "Preview Assets.xcassets"; sourceTree = "<group>"; };
		B09484AE2AB39D9C006757B5 /* Logger+Extensions.swift */ = {isa = PBXFileReference; lastKnownFileType = sourcecode.swift; path = "Logger+Extensions.swift"; sourceTree = "<group>"; };
		B09484B02AB39E9E006757B5 /* Color+Extensions.swift */ = {isa = PBXFileReference; fileEncoding = 4; lastKnownFileType = sourcecode.swift; path = "Color+Extensions.swift"; sourceTree = "<group>"; };
		B09484B32AB39EE4006757B5 /* Settings.swift */ = {isa = PBXFileReference; lastKnownFileType = sourcecode.swift; path = Settings.swift; sourceTree = "<group>"; };
		B09484B92AB3A3AA006757B5 /* StevenOToole-NYCSchoolsTests.xctest */ = {isa = PBXFileReference; explicitFileType = wrapper.cfbundle; includeInIndex = 0; path = "StevenOToole-NYCSchoolsTests.xctest"; sourceTree = BUILT_PRODUCTS_DIR; };
		B09484BB2AB3A3AA006757B5 /* StevenOToole_NYCSchoolsTests.swift */ = {isa = PBXFileReference; lastKnownFileType = sourcecode.swift; path = StevenOToole_NYCSchoolsTests.swift; sourceTree = "<group>"; };
		B09484C22AB3A41B006757B5 /* HighSchool.swift */ = {isa = PBXFileReference; lastKnownFileType = sourcecode.swift; path = HighSchool.swift; sourceTree = "<group>"; };
		B09484C42AB3AED3006757B5 /* SATScore.swift */ = {isa = PBXFileReference; lastKnownFileType = sourcecode.swift; path = SATScore.swift; sourceTree = "<group>"; };
		B09484C62AB3B075006757B5 /* URLSession+Extension.swift */ = {isa = PBXFileReference; lastKnownFileType = sourcecode.swift; path = "URLSession+Extension.swift"; sourceTree = "<group>"; };
		B09484C82AB3B0FC006757B5 /* NYCSchoolAPI.swift */ = {isa = PBXFileReference; lastKnownFileType = sourcecode.swift; path = NYCSchoolAPI.swift; sourceTree = "<group>"; };
/* End PBXFileReference section */

/* Begin PBXFrameworksBuildPhase section */
		B02FE6A02AB3979600625809 /* Frameworks */ = {
			isa = PBXFrameworksBuildPhase;
			buildActionMask = 2147483647;
			files = (
			);
			runOnlyForDeploymentPostprocessing = 0;
		};
		B09484B62AB3A3AA006757B5 /* Frameworks */ = {
			isa = PBXFrameworksBuildPhase;
			buildActionMask = 2147483647;
			files = (
			);
			runOnlyForDeploymentPostprocessing = 0;
		};
/* End PBXFrameworksBuildPhase section */

/* Begin PBXGroup section */
		B02FE69A2AB3979600625809 = {
			isa = PBXGroup;
			children = (
				B02FE6A52AB3979600625809 /* StevenOToole-NYCSchools */,
				B09484BA2AB3A3AA006757B5 /* StevenOToole-NYCSchoolsTests */,
				B02FE6A42AB3979600625809 /* Products */,
			);
			sourceTree = "<group>";
		};
		B02FE6A42AB3979600625809 /* Products */ = {
			isa = PBXGroup;
			children = (
				B02FE6A32AB3979600625809 /* StevenOToole-NYCSchools.app */,
				B09484B92AB3A3AA006757B5 /* StevenOToole-NYCSchoolsTests.xctest */,
			);
			name = Products;
			sourceTree = "<group>";
		};
		B02FE6A52AB3979600625809 /* StevenOToole-NYCSchools */ = {
			isa = PBXGroup;
			children = (
				B09484B22AB39ED5006757B5 /* App */,
				B09484AA2AB39C2D006757B5 /* UI */,
				B09484AC2AB39C49006757B5 /* Services */,
				B09484AB2AB39C3E006757B5 /* Model */,
				B09484AD2AB39C55006757B5 /* Extensions */,
				B09484A92AB39BEC006757B5 /* Resources */,
			);
			path = "StevenOToole-NYCSchools";
			sourceTree = "<group>";
		};
		B02FE6AC2AB3979700625809 /* Preview Content */ = {
			isa = PBXGroup;
			children = (
				B02FE6AD2AB3979700625809 /* Preview Assets.xcassets */,
			);
			path = "Preview Content";
			sourceTree = "<group>";
		};
		B09484A92AB39BEC006757B5 /* Resources */ = {
			isa = PBXGroup;
			children = (
				B02FE6AC2AB3979700625809 /* Preview Content */,
				B02FE6AA2AB3979700625809 /* Assets.xcassets */,
			);
			path = Resources;
			sourceTree = "<group>";
		};
		B09484AA2AB39C2D006757B5 /* UI */ = {
			isa = PBXGroup;
			children = (
				B02FE6A82AB3979600625809 /* HomeView.swift */,
			);
			path = UI;
			sourceTree = "<group>";
		};
		B09484AB2AB39C3E006757B5 /* Model */ = {
			isa = PBXGroup;
			children = (
				B09484C22AB3A41B006757B5 /* HighSchool.swift */,
				B09484C42AB3AED3006757B5 /* SATScore.swift */,
			);
			path = Model;
			sourceTree = "<group>";
		};
		B09484AC2AB39C49006757B5 /* Services */ = {
			isa = PBXGroup;
			children = (
				B09484C82AB3B0FC006757B5 /* NYCSchoolAPI.swift */,
			);
			path = Services;
			sourceTree = "<group>";
		};
		B09484AD2AB39C55006757B5 /* Extensions */ = {
			isa = PBXGroup;
			children = (
				B09484AE2AB39D9C006757B5 /* Logger+Extensions.swift */,
				B09484B02AB39E9E006757B5 /* Color+Extensions.swift */,
				B09484C62AB3B075006757B5 /* URLSession+Extension.swift */,
			);
			path = Extensions;
			sourceTree = "<group>";
		};
		B09484B22AB39ED5006757B5 /* App */ = {
			isa = PBXGroup;
			children = (
				B02FE6A62AB3979600625809 /* StevenOToole_NYCSchoolsApp.swift */,
				B09484B32AB39EE4006757B5 /* Settings.swift */,
			);
			path = App;
			sourceTree = "<group>";
		};
		B09484BA2AB3A3AA006757B5 /* StevenOToole-NYCSchoolsTests */ = {
			isa = PBXGroup;
			children = (
				B09484BB2AB3A3AA006757B5 /* StevenOToole_NYCSchoolsTests.swift */,
			);
			path = "StevenOToole-NYCSchoolsTests";
			sourceTree = "<group>";
		};
/* End PBXGroup section */

/* Begin PBXNativeTarget section */
		B02FE6A22AB3979600625809 /* StevenOToole-NYCSchools */ = {
			isa = PBXNativeTarget;
			buildConfigurationList = B02FE6B12AB3979700625809 /* Build configuration list for PBXNativeTarget "StevenOToole-NYCSchools" */;
			buildPhases = (
				B02FE69F2AB3979600625809 /* Sources */,
				B02FE6A02AB3979600625809 /* Frameworks */,
				B02FE6A12AB3979600625809 /* Resources */,
			);
			buildRules = (
			);
			dependencies = (
			);
			name = "StevenOToole-NYCSchools";
			productName = "StevenOToole-NYCSchools";
			productReference = B02FE6A32AB3979600625809 /* StevenOToole-NYCSchools.app */;
			productType = "com.apple.product-type.application";
		};
		B09484B82AB3A3AA006757B5 /* StevenOToole-NYCSchoolsTests */ = {
			isa = PBXNativeTarget;
			buildConfigurationList = B09484BF2AB3A3AA006757B5 /* Build configuration list for PBXNativeTarget "StevenOToole-NYCSchoolsTests" */;
			buildPhases = (
				B09484B52AB3A3AA006757B5 /* Sources */,
				B09484B62AB3A3AA006757B5 /* Frameworks */,
				B09484B72AB3A3AA006757B5 /* Resources */,
			);
			buildRules = (
			);
			dependencies = (
				B09484BE2AB3A3AA006757B5 /* PBXTargetDependency */,
			);
			name = "StevenOToole-NYCSchoolsTests";
			productName = "StevenOToole-NYCSchoolsTests";
			productReference = B09484B92AB3A3AA006757B5 /* StevenOToole-NYCSchoolsTests.xctest */;
			productType = "com.apple.product-type.bundle.unit-test";
		};
/* End PBXNativeTarget section */

/* Begin PBXProject section */
		B02FE69B2AB3979600625809 /* Project object */ = {
			isa = PBXProject;
			attributes = {
				BuildIndependentTargetsInParallel = 1;
				LastSwiftUpdateCheck = 1430;
				LastUpgradeCheck = 1430;
				TargetAttributes = {
					B02FE6A22AB3979600625809 = {
						CreatedOnToolsVersion = 14.3.1;
					};
					B09484B82AB3A3AA006757B5 = {
						CreatedOnToolsVersion = 14.3.1;
						TestTargetID = B02FE6A22AB3979600625809;
					};
				};
			};
			buildConfigurationList = B02FE69E2AB3979600625809 /* Build configuration list for PBXProject "StevenOToole-NYCSchools" */;
			compatibilityVersion = "Xcode 14.0";
			developmentRegion = en;
			hasScannedForEncodings = 0;
			knownRegions = (
				en,
				Base,
			);
			mainGroup = B02FE69A2AB3979600625809;
			productRefGroup = B02FE6A42AB3979600625809 /* Products */;
			projectDirPath = "";
			projectRoot = "";
			targets = (
				B02FE6A22AB3979600625809 /* StevenOToole-NYCSchools */,
				B09484B82AB3A3AA006757B5 /* StevenOToole-NYCSchoolsTests */,
			);
		};
/* End PBXProject section */

/* Begin PBXResourcesBuildPhase section */
		B02FE6A12AB3979600625809 /* Resources */ = {
			isa = PBXResourcesBuildPhase;
			buildActionMask = 2147483647;
			files = (
				B02FE6AE2AB3979700625809 /* Preview Assets.xcassets in Resources */,
				B02FE6AB2AB3979700625809 /* Assets.xcassets in Resources */,
			);
			runOnlyForDeploymentPostprocessing = 0;
		};
		B09484B72AB3A3AA006757B5 /* Resources */ = {
			isa = PBXResourcesBuildPhase;
			buildActionMask = 2147483647;
			files = (
			);
			runOnlyForDeploymentPostprocessing = 0;
		};
/* End PBXResourcesBuildPhase section */

/* Begin PBXSourcesBuildPhase section */
		B02FE69F2AB3979600625809 /* Sources */ = {
			isa = PBXSourcesBuildPhase;
			buildActionMask = 2147483647;
			files = (
				B09484AF2AB39D9C006757B5 /* Logger+Extensions.swift in Sources */,
				B02FE6A92AB3979600625809 /* HomeView.swift in Sources */,
				B02FE6A72AB3979600625809 /* StevenOToole_NYCSchoolsApp.swift in Sources */,
				B09484C52AB3AED3006757B5 /* SATScore.swift in Sources */,
				B09484C92AB3B0FC006757B5 /* NYCSchoolAPI.swift in Sources */,
				B09484C72AB3B075006757B5 /* URLSession+Extension.swift in Sources */,
				B09484C32AB3A41B006757B5 /* HighSchool.swift in Sources */,
				B09484B12AB39E9E006757B5 /* Color+Extensions.swift in Sources */,
				B09484B42AB39EE4006757B5 /* Settings.swift in Sources */,
			);
			runOnlyForDeploymentPostprocessing = 0;
		};
		B09484B52AB3A3AA006757B5 /* Sources */ = {
			isa = PBXSourcesBuildPhase;
			buildActionMask = 2147483647;
			files = (
				B09484BC2AB3A3AA006757B5 /* StevenOToole_NYCSchoolsTests.swift in Sources */,
			);
			runOnlyForDeploymentPostprocessing = 0;
		};
/* End PBXSourcesBuildPhase section */

/* Begin PBXTargetDependency section */
		B09484BE2AB3A3AA006757B5 /* PBXTargetDependency */ = {
			isa = PBXTargetDependency;
			target = B02FE6A22AB3979600625809 /* StevenOToole-NYCSchools */;
			targetProxy = B09484BD2AB3A3AA006757B5 /* PBXContainerItemProxy */;
		};
/* End PBXTargetDependency section */

/* Begin XCBuildConfiguration section */
		B02FE6AF2AB3979700625809 /* Debug */ = {
			isa = XCBuildConfiguration;
			buildSettings = {
				ALWAYS_SEARCH_USER_PATHS = NO;
				CLANG_ANALYZER_NONNULL = YES;
				CLANG_ANALYZER_NUMBER_OBJECT_CONVERSION = YES_AGGRESSIVE;
				CLANG_CXX_LANGUAGE_STANDARD = "gnu++20";
				CLANG_ENABLE_MODULES = YES;
				CLANG_ENABLE_OBJC_ARC = YES;
				CLANG_ENABLE_OBJC_WEAK = YES;
				CLANG_WARN_BLOCK_CAPTURE_AUTORELEASING = YES;
				CLANG_WARN_BOOL_CONVERSION = YES;
				CLANG_WARN_COMMA = YES;
				CLANG_WARN_CONSTANT_CONVERSION = YES;
				CLANG_WARN_DEPRECATED_OBJC_IMPLEMENTATIONS = YES;
				CLANG_WARN_DIRECT_OBJC_ISA_USAGE = YES_ERROR;
				CLANG_WARN_DOCUMENTATION_COMMENTS = YES;
				CLANG_WARN_EMPTY_BODY = YES;
				CLANG_WARN_ENUM_CONVERSION = YES;
				CLANG_WARN_INFINITE_RECURSION = YES;
				CLANG_WARN_INT_CONVERSION = YES;
				CLANG_WARN_NON_LITERAL_NULL_CONVERSION = YES;
				CLANG_WARN_OBJC_IMPLICIT_RETAIN_SELF = YES;
				CLANG_WARN_OBJC_LITERAL_CONVERSION = YES;
				CLANG_WARN_OBJC_ROOT_CLASS = YES_ERROR;
				CLANG_WARN_QUOTED_INCLUDE_IN_FRAMEWORK_HEADER = YES;
				CLANG_WARN_RANGE_LOOP_ANALYSIS = YES;
				CLANG_WARN_STRICT_PROTOTYPES = YES;
				CLANG_WARN_SUSPICIOUS_MOVE = YES;
				CLANG_WARN_UNGUARDED_AVAILABILITY = YES_AGGRESSIVE;
				CLANG_WARN_UNREACHABLE_CODE = YES;
				CLANG_WARN__DUPLICATE_METHOD_MATCH = YES;
				COPY_PHASE_STRIP = NO;
				DEBUG_INFORMATION_FORMAT = dwarf;
				ENABLE_STRICT_OBJC_MSGSEND = YES;
				ENABLE_TESTABILITY = YES;
				GCC_C_LANGUAGE_STANDARD = gnu11;
				GCC_DYNAMIC_NO_PIC = NO;
				GCC_NO_COMMON_BLOCKS = YES;
				GCC_OPTIMIZATION_LEVEL = 0;
				GCC_PREPROCESSOR_DEFINITIONS = (
					"DEBUG=1",
					"$(inherited)",
				);
				GCC_WARN_64_TO_32_BIT_CONVERSION = YES;
				GCC_WARN_ABOUT_RETURN_TYPE = YES_ERROR;
				GCC_WARN_UNDECLARED_SELECTOR = YES;
				GCC_WARN_UNINITIALIZED_AUTOS = YES_AGGRESSIVE;
				GCC_WARN_UNUSED_FUNCTION = YES;
				GCC_WARN_UNUSED_VARIABLE = YES;
				IPHONEOS_DEPLOYMENT_TARGET = 16.4;
				MTL_ENABLE_DEBUG_INFO = INCLUDE_SOURCE;
				MTL_FAST_MATH = YES;
				ONLY_ACTIVE_ARCH = YES;
				SDKROOT = iphoneos;
				SWIFT_ACTIVE_COMPILATION_CONDITIONS = DEBUG;
				SWIFT_OPTIMIZATION_LEVEL = "-Onone";
			};
			name = Debug;
		};
		B02FE6B02AB3979700625809 /* Release */ = {
			isa = XCBuildConfiguration;
			buildSettings = {
				ALWAYS_SEARCH_USER_PATHS = NO;
				CLANG_ANALYZER_NONNULL = YES;
				CLANG_ANALYZER_NUMBER_OBJECT_CONVERSION = YES_AGGRESSIVE;
				CLANG_CXX_LANGUAGE_STANDARD = "gnu++20";
				CLANG_ENABLE_MODULES = YES;
				CLANG_ENABLE_OBJC_ARC = YES;
				CLANG_ENABLE_OBJC_WEAK = YES;
				CLANG_WARN_BLOCK_CAPTURE_AUTORELEASING = YES;
				CLANG_WARN_BOOL_CONVERSION = YES;
				CLANG_WARN_COMMA = YES;
				CLANG_WARN_CONSTANT_CONVERSION = YES;
				CLANG_WARN_DEPRECATED_OBJC_IMPLEMENTATIONS = YES;
				CLANG_WARN_DIRECT_OBJC_ISA_USAGE = YES_ERROR;
				CLANG_WARN_DOCUMENTATION_COMMENTS = YES;
				CLANG_WARN_EMPTY_BODY = YES;
				CLANG_WARN_ENUM_CONVERSION = YES;
				CLANG_WARN_INFINITE_RECURSION = YES;
				CLANG_WARN_INT_CONVERSION = YES;
				CLANG_WARN_NON_LITERAL_NULL_CONVERSION = YES;
				CLANG_WARN_OBJC_IMPLICIT_RETAIN_SELF = YES;
				CLANG_WARN_OBJC_LITERAL_CONVERSION = YES;
				CLANG_WARN_OBJC_ROOT_CLASS = YES_ERROR;
				CLANG_WARN_QUOTED_INCLUDE_IN_FRAMEWORK_HEADER = YES;
				CLANG_WARN_RANGE_LOOP_ANALYSIS = YES;
				CLANG_WARN_STRICT_PROTOTYPES = YES;
				CLANG_WARN_SUSPICIOUS_MOVE = YES;
				CLANG_WARN_UNGUARDED_AVAILABILITY = YES_AGGRESSIVE;
				CLANG_WARN_UNREACHABLE_CODE = YES;
				CLANG_WARN__DUPLICATE_METHOD_MATCH = YES;
				COPY_PHASE_STRIP = NO;
				DEBUG_INFORMATION_FORMAT = "dwarf-with-dsym";
				ENABLE_NS_ASSERTIONS = NO;
				ENABLE_STRICT_OBJC_MSGSEND = YES;
				GCC_C_LANGUAGE_STANDARD = gnu11;
				GCC_NO_COMMON_BLOCKS = YES;
				GCC_WARN_64_TO_32_BIT_CONVERSION = YES;
				GCC_WARN_ABOUT_RETURN_TYPE = YES_ERROR;
				GCC_WARN_UNDECLARED_SELECTOR = YES;
				GCC_WARN_UNINITIALIZED_AUTOS = YES_AGGRESSIVE;
				GCC_WARN_UNUSED_FUNCTION = YES;
				GCC_WARN_UNUSED_VARIABLE = YES;
				IPHONEOS_DEPLOYMENT_TARGET = 16.4;
				MTL_ENABLE_DEBUG_INFO = NO;
				MTL_FAST_MATH = YES;
				SDKROOT = iphoneos;
				SWIFT_COMPILATION_MODE = wholemodule;
				SWIFT_OPTIMIZATION_LEVEL = "-O";
				VALIDATE_PRODUCT = YES;
			};
			name = Release;
		};
		B02FE6B22AB3979700625809 /* Debug */ = {
			isa = XCBuildConfiguration;
			buildSettings = {
				ASSETCATALOG_COMPILER_APPICON_NAME = AppIcon;
				ASSETCATALOG_COMPILER_GLOBAL_ACCENT_COLOR_NAME = AccentColor;
				CODE_SIGN_STYLE = Automatic;
				CURRENT_PROJECT_VERSION = 1;
				DEVELOPMENT_ASSET_PATHS = "\"StevenOToole-NYCSchools/Resources/Preview Content\"";
				DEVELOPMENT_TEAM = M4776Z724S;
				ENABLE_PREVIEWS = YES;
				GENERATE_INFOPLIST_FILE = YES;
				INFOPLIST_KEY_UIApplicationSceneManifest_Generation = YES;
				INFOPLIST_KEY_UIApplicationSupportsIndirectInputEvents = YES;
				INFOPLIST_KEY_UILaunchScreen_Generation = YES;
				INFOPLIST_KEY_UISupportedInterfaceOrientations = UIInterfaceOrientationPortrait;
				LD_RUNPATH_SEARCH_PATHS = (
					"$(inherited)",
					"@executable_path/Frameworks",
				);
				MARKETING_VERSION = 1.0;
				PRODUCT_BUNDLE_IDENTIFIER = "com.o2l.StevenOToole-NYCSchools";
				PRODUCT_NAME = "$(TARGET_NAME)";
				SUPPORTED_PLATFORMS = "iphoneos iphonesimulator";
				SUPPORTS_MACCATALYST = NO;
				SUPPORTS_MAC_DESIGNED_FOR_IPHONE_IPAD = NO;
				SWIFT_EMIT_LOC_STRINGS = YES;
				SWIFT_VERSION = 5.0;
				TARGETED_DEVICE_FAMILY = 1;
			};
			name = Debug;
		};
		B02FE6B32AB3979700625809 /* Release */ = {
			isa = XCBuildConfiguration;
			buildSettings = {
				ASSETCATALOG_COMPILER_APPICON_NAME = AppIcon;
				ASSETCATALOG_COMPILER_GLOBAL_ACCENT_COLOR_NAME = AccentColor;
				CODE_SIGN_STYLE = Automatic;
				CURRENT_PROJECT_VERSION = 1;
				DEVELOPMENT_ASSET_PATHS = "\"StevenOToole-NYCSchools/Resources/Preview Content\"";
				DEVELOPMENT_TEAM = M4776Z724S;
				ENABLE_PREVIEWS = YES;
				GENERATE_INFOPLIST_FILE = YES;
				INFOPLIST_KEY_UIApplicationSceneManifest_Generation = YES;
				INFOPLIST_KEY_UIApplicationSupportsIndirectInputEvents = YES;
				INFOPLIST_KEY_UILaunchScreen_Generation = YES;
				INFOPLIST_KEY_UISupportedInterfaceOrientations = UIInterfaceOrientationPortrait;
				LD_RUNPATH_SEARCH_PATHS = (
					"$(inherited)",
					"@executable_path/Frameworks",
				);
				MARKETING_VERSION = 1.0;
				PRODUCT_BUNDLE_IDENTIFIER = "com.o2l.StevenOToole-NYCSchools";
				PRODUCT_NAME = "$(TARGET_NAME)";
				SUPPORTED_PLATFORMS = "iphoneos iphonesimulator";
				SUPPORTS_MACCATALYST = NO;
				SUPPORTS_MAC_DESIGNED_FOR_IPHONE_IPAD = NO;
				SWIFT_EMIT_LOC_STRINGS = YES;
				SWIFT_VERSION = 5.0;
				TARGETED_DEVICE_FAMILY = 1;
			};
			name = Release;
		};
		B09484C02AB3A3AA006757B5 /* Debug */ = {
			isa = XCBuildConfiguration;
			buildSettings = {
				BUNDLE_LOADER = "$(TEST_HOST)";
				CODE_SIGN_STYLE = Automatic;
				CURRENT_PROJECT_VERSION = 1;
				DEVELOPMENT_TEAM = M4776Z724S;
				GENERATE_INFOPLIST_FILE = YES;
				MARKETING_VERSION = 1.0;
				PRODUCT_BUNDLE_IDENTIFIER = "com.o2l.StevenOToole-NYCSchoolsTests";
				PRODUCT_NAME = "$(TARGET_NAME)";
				SUPPORTED_PLATFORMS = "iphoneos iphonesimulator";
				SUPPORTS_MACCATALYST = NO;
				SUPPORTS_MAC_DESIGNED_FOR_IPHONE_IPAD = NO;
				SWIFT_EMIT_LOC_STRINGS = NO;
				SWIFT_VERSION = 5.0;
				TARGETED_DEVICE_FAMILY = 1;
				TEST_HOST = "$(BUILT_PRODUCTS_DIR)/StevenOToole-NYCSchools.app/$(BUNDLE_EXECUTABLE_FOLDER_PATH)/StevenOToole-NYCSchools";
			};
			name = Debug;
		};
		B09484C12AB3A3AA006757B5 /* Release */ = {
			isa = XCBuildConfiguration;
			buildSettings = {
				BUNDLE_LOADER = "$(TEST_HOST)";
				CODE_SIGN_STYLE = Automatic;
				CURRENT_PROJECT_VERSION = 1;
				DEVELOPMENT_TEAM = M4776Z724S;
				GENERATE_INFOPLIST_FILE = YES;
				MARKETING_VERSION = 1.0;
				PRODUCT_BUNDLE_IDENTIFIER = "com.o2l.StevenOToole-NYCSchoolsTests";
				PRODUCT_NAME = "$(TARGET_NAME)";
				SUPPORTED_PLATFORMS = "iphoneos iphonesimulator";
				SUPPORTS_MACCATALYST = NO;
				SUPPORTS_MAC_DESIGNED_FOR_IPHONE_IPAD = NO;
				SWIFT_EMIT_LOC_STRINGS = NO;
				SWIFT_VERSION = 5.0;
				TARGETED_DEVICE_FAMILY = 1;
				TEST_HOST = "$(BUILT_PRODUCTS_DIR)/StevenOToole-NYCSchools.app/$(BUNDLE_EXECUTABLE_FOLDER_PATH)/StevenOToole-NYCSchools";
			};
			name = Release;
		};
/* End XCBuildConfiguration section */

/* Begin XCConfigurationList section */
		B02FE69E2AB3979600625809 /* Build configuration list for PBXProject "StevenOToole-NYCSchools" */ = {
			isa = XCConfigurationList;
			buildConfigurations = (
				B02FE6AF2AB3979700625809 /* Debug */,
				B02FE6B02AB3979700625809 /* Release */,
			);
			defaultConfigurationIsVisible = 0;
			defaultConfigurationName = Release;
		};
		B02FE6B12AB3979700625809 /* Build configuration list for PBXNativeTarget "StevenOToole-NYCSchools" */ = {
			isa = XCConfigurationList;
			buildConfigurations = (
				B02FE6B22AB3979700625809 /* Debug */,
				B02FE6B32AB3979700625809 /* Release */,
			);
			defaultConfigurationIsVisible = 0;
			defaultConfigurationName = Release;
		};
		B09484BF2AB3A3AA006757B5 /* Build configuration list for PBXNativeTarget "StevenOToole-NYCSchoolsTests" */ = {
			isa = XCConfigurationList;
			buildConfigurations = (
				B09484C02AB3A3AA006757B5 /* Debug */,
				B09484C12AB3A3AA006757B5 /* Release */,
			);
			defaultConfigurationIsVisible = 0;
			defaultConfigurationName = Release;
		};
/* End XCConfigurationList section */
	};
	rootObject = B02FE69B2AB3979600625809 /* Project object */;
}
